{
    "_readme": [
        "This file locks the dependencies of your project to a known state",
        "Read more about it at https://getcomposer.org/doc/01-basic-usage.md#installing-dependencies",
        "This file is @generated automatically"
    ],
    "content-hash": "53cab871428bb351d5ae2899213603d6",
    "packages": [
        {
            "name": "nette/utils",
            "version": "v3.1.1",
            "source": {
                "type": "git",
                "url": "https://github.com/nette/utils.git",
                "reference": "2c17d16d8887579ae1c0898ff94a3668997fd3eb"
            },
            "dist": {
                "type": "zip",
                "url": "https://api.github.com/repos/nette/utils/zipball/2c17d16d8887579ae1c0898ff94a3668997fd3eb",
                "reference": "2c17d16d8887579ae1c0898ff94a3668997fd3eb",
                "shasum": ""
            },
            "require": {
                "php": ">=7.1"
            },
            "require-dev": {
                "nette/tester": "~2.0",
                "phpstan/phpstan": "^0.12",
                "tracy/tracy": "^2.3"
            },
            "suggest": {
                "ext-gd": "to use Image",
                "ext-iconv": "to use Strings::webalize() and toAscii()",
                "ext-intl": "to use Strings::webalize(), toAscii(), normalize() and compare()",
                "ext-json": "to use Nette\\Utils\\Json",
                "ext-mbstring": "to use Strings::lower() etc...",
                "ext-tokenizer": "to use Nette\\Utils\\Reflection::getUseStatements()",
                "ext-xml": "to use Strings::length() etc. when mbstring is not available"
            },
            "type": "library",
            "extra": {
                "branch-alias": {
                    "dev-master": "3.1-dev"
                }
            },
            "autoload": {
                "classmap": [
                    "src/"
                ]
            },
            "notification-url": "https://packagist.org/downloads/",
            "license": [
                "BSD-3-Clause",
                "GPL-2.0-only",
                "GPL-3.0-only"
            ],
            "authors": [
                {
                    "name": "David Grudl",
                    "homepage": "https://davidgrudl.com"
                },
                {
                    "name": "Nette Community",
                    "homepage": "https://nette.org/contributors"
                }
            ],
            "description": "🛠 Nette Utils: lightweight utilities for string & array manipulation, image handling, safe JSON encoding/decoding, validation, slug or strong password generating etc.",
            "homepage": "https://nette.org",
            "keywords": [
                "array",
                "core",
                "datetime",
                "images",
                "json",
                "nette",
                "paginator",
                "password",
                "slugify",
                "string",
                "unicode",
                "utf-8",
                "utility",
                "validation"
            ],
            "time": "2020-02-09T14:10:55+00:00"
        },
        {
            "name": "phpstan/extension-installer",
            "version": "1.0.3",
            "source": {
                "type": "git",
                "url": "https://github.com/phpstan/extension-installer.git",
                "reference": "295656793c53b5eb73a38486032ad1bd650264bc"
            },
            "dist": {
                "type": "zip",
                "url": "https://api.github.com/repos/phpstan/extension-installer/zipball/295656793c53b5eb73a38486032ad1bd650264bc",
                "reference": "295656793c53b5eb73a38486032ad1bd650264bc",
                "shasum": ""
            },
            "require": {
                "composer-plugin-api": "^1.1",
                "php": "^7.1",
                "phpstan/phpstan": ">=0.11.6"
            },
            "require-dev": {
                "composer/composer": "^1.8",
                "consistence/coding-standard": "^3.8",
                "dealerdirect/phpcodesniffer-composer-installer": "^0.4.4",
                "jakub-onderka/php-parallel-lint": "^1.0",
                "phing/phing": "^2.16",
                "phpstan/phpstan-strict-rules": "^0.11",
                "slevomat/coding-standard": "^5.0.4"
            },
            "type": "composer-plugin",
            "extra": {
                "class": "PHPStan\\ExtensionInstaller\\Plugin"
            },
            "autoload": {
                "psr-4": {
                    "PHPStan\\ExtensionInstaller\\": "src/"
                }
            },
            "notification-url": "https://packagist.org/downloads/",
            "license": [
                "MIT"
            ],
            "description": "Composer plugin for automatic installation of PHPStan extensions",
            "time": "2019-10-18T17:09:48+00:00"
        },
        {
            "name": "phpstan/phpstan",
            "version": "0.12.18",
            "source": {
                "type": "git",
                "url": "https://github.com/phpstan/phpstan.git",
                "reference": "1ce27fe29c8660a27926127d350d53d80c4d4286"
            },
            "dist": {
                "type": "zip",
                "url": "https://api.github.com/repos/phpstan/phpstan/zipball/1ce27fe29c8660a27926127d350d53d80c4d4286",
                "reference": "1ce27fe29c8660a27926127d350d53d80c4d4286",
                "shasum": ""
            },
            "require": {
                "php": "^7.1"
            },
            "bin": [
                "phpstan",
                "phpstan.phar"
            ],
            "type": "library",
            "extra": {
                "branch-alias": {
                    "dev-master": "0.12-dev"
                }
            },
            "autoload": {
                "files": [
                    "bootstrap.php"
                ]
            },
            "notification-url": "https://packagist.org/downloads/",
            "license": [
                "MIT"
            ],
            "description": "PHPStan - PHP Static Analysis Tool",
            "funding": [
                {
                    "url": "https://github.com/ondrejmirtes",
                    "type": "github"
                },
                {
                    "url": "https://www.patreon.com/phpstan",
                    "type": "patreon"
                },
                {
                    "url": "https://tidelift.com/funding/github/packagist/phpstan/phpstan",
                    "type": "tidelift"
                }
            ],
            "time": "2020-03-22T16:51:47+00:00"
        },
        {
            "name": "sider/phpstan-sider-formatter",
            "version": "dev-feature/phpstan",
            "dist": {
                "type": "path",
                "url": "./phpstan-sider-formatter",
                "reference": "4124ab34b737161888e9dbb4cb97e53971823f09"
            },
            "require": {
                "nette/utils": "*",
                "phpstan/phpstan": "*"
            },
            "type": "phpstan-extension",
            "extra": {
                "phpstan": {
                    "includes": [
                        "extension.neon"
                    ]
                }
            },
            "autoload": {
                "psr-4": {
                    "Sider\\PHPStan\\ErrorFormatter\\": "src/"
                }
            },
            "license": [
                "MIT"
            ],
            "description": "PHPStan Custom Formatter for Sider"
        }
    ],
    "packages-dev": [],
    "aliases": [],
    "minimum-stability": "stable",
    "stability-flags": {
        "sider/phpstan-sider-formatter": 20
    },
    "prefer-stable": false,
    "prefer-lowest": false,
    "platform": [],
    "platform-dev": [],
    "plugin-api-version": "1.1.0"
}
